
Microsoft Visual Studio Solution File, Format Version 12.00
# Visual Studio Version 17
VisualStudioVersion = 17.13.35919.96 d17.13
MinimumVisualStudioVersion = 10.0.40219.1
Project("{FAE04EC0-301F-11D3-BF4B-00C04F79EFBC}") = "APPLIVE.ENTITIES", "APPLIVE.ENTITIES\APPLIVE.ENTITIES.csproj", "{1736BE63-29C4-46D7-B12E-FDEDE2016688}"
EndProject
Project("{FAE04EC0-301F-11D3-BF4B-00C04F79EFBC}") = "APPLIVES.APPLICATION", "APPLIVES.APPLICATION\APPLIVES.APPLICATION.csproj", "{D54E38AE-00DD-499B-AD62-4FB92C268F89}"
EndProject
Project("{FAE04EC0-301F-11D3-BF4B-00C04F79EFBC}") = "APPLIVE.API", "APPLIVE.API\APPLIVE.API.csproj", "{CEC7F3EC-8B9F-42B8-9CDC-74308F2C1282}"
EndProject
Global
	GlobalSection(SolutionConfigurationPlatforms) = preSolution
		Debug|Any CPU = Debug|Any CPU
		Release|Any CPU = Release|Any CPU
	EndGlobalSection
	GlobalSection(ProjectConfigurationPlatforms) = postSolution
		{1736BE63-29C4-46D7-B12E-FDEDE2016688}.Debug|Any CPU.ActiveCfg = Debug|Any CPU
		{1736BE63-29C4-46D7-B12E-FDEDE2016688}.Debug|Any CPU.Build.0 = Debug|Any CPU
		{1736BE63-29C4-46D7-B12E-FDEDE2016688}.Release|Any CPU.ActiveCfg = Release|Any CPU
		{1736BE63-29C4-46D7-B12E-FDEDE2016688}.Release|Any CPU.Build.0 = Release|Any CPU
		{D54E38AE-00DD-499B-AD62-4FB92C268F89}.Debug|Any CPU.ActiveCfg = Debug|Any CPU
		{D54E38AE-00DD-499B-AD62-4FB92C268F89}.Debug|Any CPU.Build.0 = Debug|Any CPU
		{D54E38AE-00DD-499B-AD62-4FB92C268F89}.Release|Any CPU.ActiveCfg = Release|Any CPU
		{D54E38AE-00DD-499B-AD62-4FB92C268F89}.Release|Any CPU.Build.0 = Release|Any CPU
		{CEC7F3EC-8B9F-42B8-9CDC-74308F2C1282}.Debug|Any CPU.ActiveCfg = Debug|Any CPU
		{CEC7F3EC-8B9F-42B8-9CDC-74308F2C1282}.Debug|Any CPU.Build.0 = Debug|Any CPU
		{CEC7F3EC-8B9F-42B8-9CDC-74308F2C1282}.Release|Any CPU.ActiveCfg = Release|Any CPU
		{CEC7F3EC-8B9F-42B8-9CDC-74308F2C1282}.Release|Any CPU.Build.0 = Release|Any CPU
	EndGlobalSection
	GlobalSection(SolutionProperties) = preSolution
		HideSolutionNode = FALSE
	EndGlobalSection
	GlobalSection(ExtensibilityGlobals) = postSolution
		SolutionGuid = {6ECA45A6-B71E-4EFE-8886-58320978FC4C}
	EndGlobalSection
EndGlobal
